Microsoft Visual Studio Solution File, Format Version 12.00
# Visual Studio Version 17
VisualStudioVersion = 17.5.2.0
MinimumVisualStudioVersion = 10.0.40219.1
Project("{FAE04EC0-301F-11D3-BF4B-00C04F79EFBC}") = "BizimSite", "BizimSite.csproj", "{9D081672-E879-EB61-CF57-AF0D7CD647AF}"
EndProject
Global
	GlobalSection(SolutionConfigurationPlatforms) = preSolution
		Debug|Any CPU = Debug|Any CPU
		Release|Any CPU = Release|Any CPU
	EndGlobalSection
	GlobalSection(ProjectConfigurationPlatforms) = postSolution
		{9D081672-E879-EB61-CF57-AF0D7CD647AF}.Debug|Any CPU.ActiveCfg = Debug|Any CPU
		{9D081672-E879-EB61-CF57-AF0D7CD647AF}.Debug|Any CPU.Build.0 = Debug|Any CPU
		{9D081672-E879-EB61-CF57-AF0D7CD647AF}.Release|Any CPU.ActiveCfg = Release|Any CPU
		{9D081672-E879-EB61-CF57-AF0D7CD647AF}.Release|Any CPU.Build.0 = Release|Any CPU
	EndGlobalSection
	GlobalSection(SolutionProperties) = preSolution
		HideSolutionNode = FALSE
	EndGlobalSection
	GlobalSection(ExtensibilityGlobals) = postSolution
		SolutionGuid = {253BED51-A6B4-477A-A6D7-8EDC055CF2FF}
	EndGlobalSection
EndGlobal
